
Microsoft Visual Studio Solution File, Format Version 12.00
# Visual Studio Version 17
VisualStudioVersion = 17.11.35327.3
MinimumVisualStudioVersion = 10.0.40219.1
Project("{FAE04EC0-301F-11D3-BF4B-00C04F79EFBC}") = "homework", "homework\homework.csproj", "{9E42EEA6-2FC1-411F-AF9D-00C37948C742}"
EndProject
Global
	GlobalSection(SolutionConfigurationPlatforms) = preSolution
		Debug|Any CPU = Debug|Any CPU
		Release|Any CPU = Release|Any CPU
	EndGlobalSection
	GlobalSection(ProjectConfigurationPlatforms) = postSolution
		{9E42EEA6-2FC1-411F-AF9D-00C37948C742}.Debug|Any CPU.ActiveCfg = Debug|Any CPU
		{9E42EEA6-2FC1-411F-AF9D-00C37948C742}.Debug|Any CPU.Build.0 = Debug|Any CPU
		{9E42EEA6-2FC1-411F-AF9D-00C37948C742}.Release|Any CPU.ActiveCfg = Release|Any CPU
		{9E42EEA6-2FC1-411F-AF9D-00C37948C742}.Release|Any CPU.Build.0 = Release|Any CPU
	EndGlobalSection
	GlobalSection(SolutionProperties) = preSolution
		HideSolutionNode = FALSE
	EndGlobalSection
	GlobalSection(ExtensibilityGlobals) = postSolution
		SolutionGuid = {0EDB7FA8-188B-4607-930A-0258DD2C9C67}
	EndGlobalSection
EndGlobal
